
Microsoft Visual Studio Solution File, Format Version 12.00
# Visual Studio Version 17
VisualStudioVersion = 17.3.32922.545
MinimumVisualStudioVersion = 10.0.40219.1
Project("{FAE04EC0-301F-11D3-BF4B-00C04F79EFBC}") = "Usporedba stringova", "Usporedba stringova\Usporedba stringova.csproj", "{EBA0BF3E-0FE2-4FA3-AF0B-B0AEDBF2A0DB}"
EndProject
Global
	GlobalSection(SolutionConfigurationPlatforms) = preSolution
		Debug|Any CPU = Debug|Any CPU
		Release|Any CPU = Release|Any CPU
	EndGlobalSection
	GlobalSection(ProjectConfigurationPlatforms) = postSolution
		{EBA0BF3E-0FE2-4FA3-AF0B-B0AEDBF2A0DB}.Debug|Any CPU.ActiveCfg = Debug|Any CPU
		{EBA0BF3E-0FE2-4FA3-AF0B-B0AEDBF2A0DB}.Debug|Any CPU.Build.0 = Debug|Any CPU
		{EBA0BF3E-0FE2-4FA3-AF0B-B0AEDBF2A0DB}.Release|Any CPU.ActiveCfg = Release|Any CPU
		{EBA0BF3E-0FE2-4FA3-AF0B-B0AEDBF2A0DB}.Release|Any CPU.Build.0 = Release|Any CPU
	EndGlobalSection
	GlobalSection(SolutionProperties) = preSolution
		HideSolutionNode = FALSE
	EndGlobalSection
	GlobalSection(ExtensibilityGlobals) = postSolution
		SolutionGuid = {E36BE656-C0C5-42CE-AF6A-3A45820DD8B3}
	EndGlobalSection
EndGlobal
